{
  "name": "frontend",
  "version": "0.0.0",
  "lockfileVersion": 3,
  "requires": true,
  "packages": {
    "": {
      "name": "frontend",
      "version": "0.0.0",
      "dependencies": {
        "@mdi/font": "^7.3.67",
        "@types/katex": "^0.16.7",
        "dayjs": "^1.11.10",
        "katex": "^0.16.9",
        "marked": "^11.0.0",
        "random-words": "^2.0.0",
        "sweetalert2": "^11.7.32",
        "uuid": "^9.0.1",
        "vue": "^3.2.37",
        "vue-router": "^4.2.5",
        "vuetify": "^3.3.15"
      },
      "devDependencies": {
        "@babel/types": "^7.18.10",
        "@types/uuid": "^9.0.7",
        "@vitejs/plugin-vue": "^3.0.3",
        "typescript": "^4.6.4",
        "vite": "^3.0.7",
        "vue-tsc": "^0.39.5"
      }
    },
    "node_modules/@babel/helper-string-parser": {
      "version": "7.22.5",
      "resolved": "https://mirrors.cloud.tencent.com/npm/@babel/helper-string-parser/-/helper-string-parser-7.22.5.tgz",
      "integrity": "sha512-mM4COjgZox8U+JcXQwPijIZLElkgEpO5rsERVDJTc2qfCDfERyob6k5WegS14SX18IIjv+XD+GrqNumY5JRCDw==",
      "dev": true,
      "engines": {
        "node": ">=6.9.0"
      }
    },
    "node_modules/@babel/helper-validator-identifier": {
      "version": "7.22.20",
      "resolved": "https://mirrors.cloud.tencent.com/npm/@babel/helper-validator-identifier/-/helper-validator-identifier-7.22.20.tgz",
      "integrity": "sha512-Y4OZ+ytlatR8AI+8KZfKuL5urKp7qey08ha31L8b3BwewJAoJamTzyvxPR/5D+KkdJCGPq/+8TukHBlY10FX9A==",
      "dev": true,
      "engines": {
        "node": ">=6.9.0"
      }
    },
    "node_modules/@babel/parser": {
      "version": "7.23.0",
      "resolved": "https://mirrors.cloud.tencent.com/npm/@babel/parser/-/parser-7.23.0.tgz",
      "integrity": "sha512-vvPKKdMemU85V9WE/l5wZEmImpCtLqbnTvqDS2U1fJ96KrxoW7KrXhNsNCblQlg8Ck4b85yxdTyelsMUgFUXiw==",
      "bin": {
        "parser": "bin/babel-parser.js"
      },
      "engines": {
        "node": ">=6.0.0"
      }
    },
    "node_modules/@babel/types": {
      "version": "7.23.0",
      "resolved": "https://mirrors.cloud.tencent.com/npm/@babel/types/-/types-7.23.0.tgz",
      "integrity": "sha512-0oIyUfKoI3mSqMvsxBdclDwxXKXAUA8v/apZbc+iSyARYou1o8ZGDxbUYyLFoW2arqS2jDGqJuZvv1d/io1axg==",
      "dev": true,
      "dependencies": {
        "@babel/helper-string-parser": "^7.22.5",
        "@babel/helper-validator-identifier": "^7.22.20",
        "to-fast-properties": "^2.0.0"
      },
      "engines": {
        "node": ">=6.9.0"
      }
    },
    "node_modules/@esbuild/android-arm": {
      "version": "0.15.18",
      "resolved": "https://mirrors.cloud.tencent.com/npm/@esbuild/android-arm/-/android-arm-0.15.18.tgz",
      "integrity": "sha512-5GT+kcs2WVGjVs7+boataCkO5Fg0y4kCjzkB5bAip7H4jfnOS3dA6KPiww9W1OEKTKeAcUVhdZGvgI65OXmUnw==",
      "cpu": [
        "arm"
      ],
      "dev": true,
      "optional": true,
      "os": [
        "android"
      ],
      "engines": {
        "node": ">=12"
      }
    },
    "node_modules/@esbuild/linux-loong64": {
      "version": "0.15.18",
      "resolved": "https://mirrors.cloud.tencent.com/npm/@esbuild/linux-loong64/-/linux-loong64-0.15.18.tgz",
      "integrity": "sha512-L4jVKS82XVhw2nvzLg/19ClLWg0y27ulRwuP7lcyL6AbUWB5aPglXY3M21mauDQMDfRLs8cQmeT03r/+X3cZYQ==",
      "cpu": [
        "loong64"
      ],
      "dev": true,
      "optional": true,
      "os": [
        "linux"
      ],
      "engines": {
        "node": ">=12"
      }
    },
    "node_modules/@jridgewell/sourcemap-codec": {
      "version": "1.4.15",
      "resolved": "https://mirrors.cloud.tencent.com/npm/@jridgewell/sourcemap-codec/-/sourcemap-codec-1.4.15.tgz",
      "integrity": "sha512-eF2rxCRulEKXHTRiDrDy6erMYWqNw4LPdQ8UQA4huuxaQsVeRPFl2oM8oDGxMFhJUWZf9McpLtJasDDZb/Bpeg=="
    },
    "node_modules/@mdi/font": {
      "version": "7.3.67",
      "resolved": "https://mirrors.cloud.tencent.com/npm/@mdi/font/-/font-7.3.67.tgz",
      "integrity": "sha512-SWxvzRbUQRfewlIV+OF4/YF4DkeTjMWoT8Hh9yeU/5UBVdJZj9Uf4a9+cXjknSIhIaMxZ/4N1O/s7ojApOOGjg=="
    },
    "node_modules/@types/katex": {
      "version": "0.16.7",
      "resolved": "https://mirrors.cloud.tencent.com/npm/@types/katex/-/katex-0.16.7.tgz",
      "integrity": "sha512-HMwFiRujE5PjrgwHQ25+bsLJgowjGjm5Z8FVSf0N6PwgJrwxH0QxzHYDcKsTfV3wva0vzrpqMTJS2jXPr5BMEQ=="
    },
    "node_modules/@types/uuid": {
      "version": "9.0.7",
      "resolved": "https://mirrors.cloud.tencent.com/npm/@types/uuid/-/uuid-9.0.7.tgz",
      "integrity": "sha512-WUtIVRUZ9i5dYXefDEAI7sh9/O7jGvHg7Df/5O/gtH3Yabe5odI3UWopVR1qbPXQtvOxWu3mM4XxlYeZtMWF4g==",
      "dev": true
    },
    "node_modules/@vitejs/plugin-vue": {
      "version": "3.2.0",
      "resolved": "https://mirrors.cloud.tencent.com/npm/@vitejs/plugin-vue/-/plugin-vue-3.2.0.tgz",
      "integrity": "sha512-E0tnaL4fr+qkdCNxJ+Xd0yM31UwMkQje76fsDVBBUCoGOUPexu2VDUYHL8P4CwV+zMvWw6nlRw19OnRKmYAJpw==",
      "dev": true,
      "engines": {
        "node": "^14.18.0 || >=16.0.0"
      },
      "peerDependencies": {
        "vite": "^3.0.0",
        "vue": "^3.2.25"
      }
    },
    "node_modules/@volar/code-gen": {
      "version": "0.39.5",
      "resolved": "https://mirrors.cloud.tencent.com/npm/@volar/code-gen/-/code-gen-0.39.5.tgz",
      "integrity": "sha512-vQr5VoCH8T2NHmqLc/AA1/4F8l41WB+24+I+VjxBaev/Hmwjye9K0GlmMHAOl84WB3hWGOqpHaPX6JkqzRNjJg==",
      "dev": true,
      "dependencies": {
        "@volar/source-map": "0.39.5"
      }
    },
    "node_modules/@volar/source-map": {
      "version": "0.39.5",
      "resolved": "https://mirrors.cloud.tencent.com/npm/@volar/source-map/-/source-map-0.39.5.tgz",
      "integrity": "sha512-IVOX+v++Sr5Kok4/cLbDJp2vf1ia1rChpV7adgcnMle6uORBuGFEur234UzamK0iHRCcfFFRz7z+hSPf2CO23Q==",
      "dev": true
    },
    "node_modules/@volar/typescript-faster": {
      "version": "0.39.5",
      "resolved": "https://mirrors.cloud.tencent.com/npm/@volar/typescript-faster/-/typescript-faster-0.39.5.tgz",
      "integrity": "sha512-IzLqlxefmKkjNKXC/8aFiqPcTqnj6RG31D2f9cIWxmW9pvUYJxLED+y9phnOxNxq0OmeRtQ3Pfmvu85tUBoZsQ==",
      "dev": true,
      "dependencies": {
        "semver": "^7.3.7"
      }
    },
    "node_modules/@volar/vue-code-gen": {
      "version": "0.39.5",
      "resolved": "https://mirrors.cloud.tencent.com/npm/@volar/vue-code-gen/-/vue-code-gen-0.39.5.tgz",
      "integrity": "sha512-y+QUV9MuuasiIuRoGKQl+gMhDaAX6XNhckAyJCvD1FZ8f2eJuPY2VtoFxmu/Z2bGWBdtUW/g98jaeKJ+j3wwOw==",
      "dev": true,
      "dependencies": {
        "@volar/code-gen": "0.39.5",
        "@volar/source-map": "0.39.5",
        "@vue/compiler-core": "^3.2.37",
        "@vue/compiler-dom": "^3.2.37",
        "@vue/shared": "^3.2.37"
      }
    },
    "node_modules/@volar/vue-language-core": {
      "version": "0.39.5",
      "resolved": "https://mirrors.cloud.tencent.com/npm/@volar/vue-language-core/-/vue-language-core-0.39.5.tgz",
      "integrity": "sha512-m+e1tYuL/WRPhSeC7hZ0NuSwHsfnnGJVxCBHLaP7jR0f6xcC0DAegP3QF+gfu9ZJFPGznpZYFKadngMjuhQS9Q==",
      "dev": true,
      "dependencies": {
        "@volar/code-gen": "0.39.5",
        "@volar/source-map": "0.39.5",
        "@volar/vue-code-gen": "0.39.5",
        "@vue/compiler-sfc": "^3.2.37",
        "@vue/reactivity": "^3.2.37"
      }
    },
    "node_modules/@volar/vue-typescript": {
      "version": "0.39.5",
      "resolved": "https://mirrors.cloud.tencent.com/npm/@volar/vue-typescript/-/vue-typescript-0.39.5.tgz",
      "integrity": "sha512-ckhWD1xOi0OMr702XVkv/Npsb9FKAp5gvhxyLv0QqWekPdSo04t4KrZfwosJLGERIEcyr50SuB7HqBp8ndQmzA==",
      "dev": true,
      "dependencies": {
        "@volar/code-gen": "0.39.5",
        "@volar/typescript-faster": "0.39.5",
        "@volar/vue-language-core": "0.39.5"
      }
    },
    "node_modules/@vue/compiler-core": {
      "version": "3.3.4",
      "resolved": "https://mirrors.cloud.tencent.com/npm/@vue/compiler-core/-/compiler-core-3.3.4.tgz",
      "integrity": "sha512-cquyDNvZ6jTbf/+x+AgM2Arrp6G4Dzbb0R64jiG804HRMfRiFXWI6kqUVqZ6ZR0bQhIoQjB4+2bhNtVwndW15g==",
      "dependencies": {
        "@babel/parser": "^7.21.3",
        "@vue/shared": "3.3.4",
        "estree-walker": "^2.0.2",
        "source-map-js": "^1.0.2"
      }
    },
    "node_modules/@vue/compiler-dom": {
      "version": "3.3.4",
      "resolved": "https://mirrors.cloud.tencent.com/npm/@vue/compiler-dom/-/compiler-dom-3.3.4.tgz",
      "integrity": "sha512-wyM+OjOVpuUukIq6p5+nwHYtj9cFroz9cwkfmP9O1nzH68BenTTv0u7/ndggT8cIQlnBeOo6sUT/gvHcIkLA5w==",
      "dependencies": {
        "@vue/compiler-core": "3.3.4",
        "@vue/shared": "3.3.4"
      }
    },
    "node_modules/@vue/compiler-sfc": {
      "version": "3.3.4",
      "resolved": "https://mirrors.cloud.tencent.com/npm/@vue/compiler-sfc/-/compiler-sfc-3.3.4.tgz",
      "integrity": "sha512-6y/d8uw+5TkCuzBkgLS0v3lSM3hJDntFEiUORM11pQ/hKvkhSKZrXW6i69UyXlJQisJxuUEJKAWEqWbWsLeNKQ==",
      "dependencies": {
        "@babel/parser": "^7.20.15",
        "@vue/compiler-core": "3.3.4",
        "@vue/compiler-dom": "3.3.4",
        "@vue/compiler-ssr": "3.3.4",
        "@vue/reactivity-transform": "3.3.4",
        "@vue/shared": "3.3.4",
        "estree-walker": "^2.0.2",
        "magic-string": "^0.30.0",
        "postcss": "^8.1.10",
        "source-map-js": "^1.0.2"
      }
    },
    "node_modules/@vue/compiler-ssr": {
      "version": "3.3.4",
      "resolved": "https://mirrors.cloud.tencent.com/npm/@vue/compiler-ssr/-/compiler-ssr-3.3.4.tgz",
      "integrity": "sha512-m0v6oKpup2nMSehwA6Uuu+j+wEwcy7QmwMkVNVfrV9P2qE5KshC6RwOCq8fjGS/Eak/uNb8AaWekfiXxbBB6gQ==",
      "dependencies": {
        "@vue/compiler-dom": "3.3.4",
        "@vue/shared": "3.3.4"
      }
    },
    "node_modules/@vue/devtools-api": {
      "version": "6.5.1",
      "resolved": "https://mirrors.cloud.tencent.com/npm/@vue/devtools-api/-/devtools-api-6.5.1.tgz",
      "integrity": "sha512-+KpckaAQyfbvshdDW5xQylLni1asvNSGme1JFs8I1+/H5pHEhqUKMEQD/qn3Nx5+/nycBq11qAEi8lk+LXI2dA=="
    },
    "node_modules/@vue/reactivity": {
      "version": "3.3.4",
      "resolved": "https://mirrors.cloud.tencent.com/npm/@vue/reactivity/-/reactivity-3.3.4.tgz",
      "integrity": "sha512-kLTDLwd0B1jG08NBF3R5rqULtv/f8x3rOFByTDz4J53ttIQEDmALqKqXY0J+XQeN0aV2FBxY8nJDf88yvOPAqQ==",
      "dependencies": {
        "@vue/shared": "3.3.4"
      }
    },
    "node_modules/@vue/reactivity-transform": {
      "version": "3.3.4",
      "resolved": "https://mirrors.cloud.tencent.com/npm/@vue/reactivity-transform/-/reactivity-transform-3.3.4.tgz",
      "integrity": "sha512-MXgwjako4nu5WFLAjpBnCj/ieqcjE2aJBINUNQzkZQfzIZA4xn+0fV1tIYBJvvva3N3OvKGofRLvQIwEQPpaXw==",
      "dependencies": {
        "@babel/parser": "^7.20.15",
        "@vue/compiler-core": "3.3.4",
        "@vue/shared": "3.3.4",
        "estree-walker": "^2.0.2",
        "magic-string": "^0.30.0"
      }
    },
    "node_modules/@vue/runtime-core": {
      "version": "3.3.4",
      "resolved": "https://mirrors.cloud.tencent.com/npm/@vue/runtime-core/-/runtime-core-3.3.4.tgz",
      "integrity": "sha512-R+bqxMN6pWO7zGI4OMlmvePOdP2c93GsHFM/siJI7O2nxFRzj55pLwkpCedEY+bTMgp5miZ8CxfIZo3S+gFqvA==",
      "dependencies": {
        "@vue/reactivity": "3.3.4",
        "@vue/shared": "3.3.4"
      }
    },
    "node_modules/@vue/runtime-dom": {
      "version": "3.3.4",
      "resolved": "https://mirrors.cloud.tencent.com/npm/@vue/runtime-dom/-/runtime-dom-3.3.4.tgz",
      "integrity": "sha512-Aj5bTJ3u5sFsUckRghsNjVTtxZQ1OyMWCr5dZRAPijF/0Vy4xEoRCwLyHXcj4D0UFbJ4lbx3gPTgg06K/GnPnQ==",
      "dependencies": {
        "@vue/runtime-core": "3.3.4",
        "@vue/shared": "3.3.4",
        "csstype": "^3.1.1"
      }
    },
    "node_modules/@vue/server-renderer": {
      "version": "3.3.4",
      "resolved": "https://mirrors.cloud.tencent.com/npm/@vue/server-renderer/-/server-renderer-3.3.4.tgz",
      "integrity": "sha512-Q6jDDzR23ViIb67v+vM1Dqntu+HUexQcsWKhhQa4ARVzxOY2HbC7QRW/ggkDBd5BU+uM1sV6XOAP0b216o34JQ==",
      "dependencies": {
        "@vue/compiler-ssr": "3.3.4",
        "@vue/shared": "3.3.4"
      },
      "peerDependencies": {
        "vue": "3.3.4"
      }
    },
    "node_modules/@vue/shared": {
      "version": "3.3.4",
      "resolved": "https://mirrors.cloud.tencent.com/npm/@vue/shared/-/shared-3.3.4.tgz",
      "integrity": "sha512-7OjdcV8vQ74eiz1TZLzZP4JwqM5fA94K6yntPS5Z25r9HDuGNzaGdgvwKYq6S+MxwF0TFRwe50fIR/MYnakdkQ=="
    },
    "node_modules/commander": {
      "version": "8.3.0",
      "resolved": "https://mirrors.cloud.tencent.com/npm/commander/-/commander-8.3.0.tgz",
      "integrity": "sha512-OkTL9umf+He2DZkUq8f8J9of7yL6RJKI24dVITBmNfZBmri9zYZQrKkuXiKhyfPSu8tUhnVBB1iKXevvnlR4Ww==",
      "engines": {
        "node": ">= 12"
      }
    },
    "node_modules/csstype": {
      "version": "3.1.2",
      "resolved": "https://mirrors.cloud.tencent.com/npm/csstype/-/csstype-3.1.2.tgz",
      "integrity": "sha512-I7K1Uu0MBPzaFKg4nI5Q7Vs2t+3gWWW648spaF+Rg7pI9ds18Ugn+lvg4SHczUdKlHI5LWBXyqfS8+DufyBsgQ=="
    },
    "node_modules/dayjs": {
      "version": "1.11.10",
      "resolved": "https://mirrors.cloud.tencent.com/npm/dayjs/-/dayjs-1.11.10.tgz",
      "integrity": "sha512-vjAczensTgRcqDERK0SR2XMwsF/tSvnvlv6VcF2GIhg6Sx4yOIt/irsr1RDJsKiIyBzJDpCoXiWWq28MqH2cnQ=="
    },
    "node_modules/esbuild": {
      "version": "0.15.18",
      "resolved": "https://mirrors.cloud.tencent.com/npm/esbuild/-/esbuild-0.15.18.tgz",
      "integrity": "sha512-x/R72SmW3sSFRm5zrrIjAhCeQSAWoni3CmHEqfQrZIQTM3lVCdehdwuIqaOtfC2slvpdlLa62GYoN8SxT23m6Q==",
      "dev": true,
      "hasInstallScript": true,
      "bin": {
        "esbuild": "bin/esbuild"
      },
      "engines": {
        "node": ">=12"
      },
      "optionalDependencies": {
        "@esbuild/android-arm": "0.15.18",
        "@esbuild/linux-loong64": "0.15.18",
        "esbuild-android-64": "0.15.18",
        "esbuild-android-arm64": "0.15.18",
        "esbuild-darwin-64": "0.15.18",
        "esbuild-darwin-arm64": "0.15.18",
        "esbuild-freebsd-64": "0.15.18",
        "esbuild-freebsd-arm64": "0.15.18",
        "esbuild-linux-32": "0.15.18",
        "esbuild-linux-64": "0.15.18",
        "esbuild-linux-arm": "0.15.18",
        "esbuild-linux-arm64": "0.15.18",
        "esbuild-linux-mips64le": "0.15.18",
        "esbuild-linux-ppc64le": "0.15.18",
        "esbuild-linux-riscv64": "0.15.18",
        "esbuild-linux-s390x": "0.15.18",
        "esbuild-netbsd-64": "0.15.18",
        "esbuild-openbsd-64": "0.15.18",
        "esbuild-sunos-64": "0.15.18",
        "esbuild-windows-32": "0.15.18",
        "esbuild-windows-64": "0.15.18",
        "esbuild-windows-arm64": "0.15.18"
      }
    },
    "node_modules/esbuild-android-64": {
      "version": "0.15.18",
      "resolved": "https://mirrors.cloud.tencent.com/npm/esbuild-android-64/-/esbuild-android-64-0.15.18.tgz",
      "integrity": "sha512-wnpt3OXRhcjfIDSZu9bnzT4/TNTDsOUvip0foZOUBG7QbSt//w3QV4FInVJxNhKc/ErhUxc5z4QjHtMi7/TbgA==",
      "cpu": [
        "x64"
      ],
      "dev": true,
      "optional": true,
      "os": [
        "android"
      ],
      "engines": {
        "node": ">=12"
      }
    },
    "node_modules/esbuild-android-arm64": {
      "version": "0.15.18",
      "resolved": "https://mirrors.cloud.tencent.com/npm/esbuild-android-arm64/-/esbuild-android-arm64-0.15.18.tgz",
      "integrity": "sha512-G4xu89B8FCzav9XU8EjsXacCKSG2FT7wW9J6hOc18soEHJdtWu03L3TQDGf0geNxfLTtxENKBzMSq9LlbjS8OQ==",
      "cpu": [
        "arm64"
      ],
      "dev": true,
      "optional": true,
      "os": [
        "android"
      ],
      "engines": {
        "node": ">=12"
      }
    },
    "node_modules/esbuild-darwin-64": {
      "version": "0.15.18",
      "resolved": "https://mirrors.cloud.tencent.com/npm/esbuild-darwin-64/-/esbuild-darwin-64-0.15.18.tgz",
      "integrity": "sha512-2WAvs95uPnVJPuYKP0Eqx+Dl/jaYseZEUUT1sjg97TJa4oBtbAKnPnl3b5M9l51/nbx7+QAEtuummJZW0sBEmg==",
      "cpu": [
        "x64"
      ],
      "dev": true,
      "optional": true,
      "os": [
        "darwin"
      ],
      "engines": {
        "node": ">=12"
      }
    },
    "node_modules/esbuild-darwin-arm64": {
      "version": "0.15.18",
      "resolved": "https://mirrors.cloud.tencent.com/npm/esbuild-darwin-arm64/-/esbuild-darwin-arm64-0.15.18.tgz",
      "integrity": "sha512-tKPSxcTJ5OmNb1btVikATJ8NftlyNlc8BVNtyT/UAr62JFOhwHlnoPrhYWz09akBLHI9nElFVfWSTSRsrZiDUA==",
      "cpu": [
        "arm64"
      ],
      "dev": true,
      "optional": true,
      "os": [
        "darwin"
      ],
      "engines": {
        "node": ">=12"
      }
    },
    "node_modules/esbuild-freebsd-64": {
      "version": "0.15.18",
      "resolved": "https://mirrors.cloud.tencent.com/npm/esbuild-freebsd-64/-/esbuild-freebsd-64-0.15.18.tgz",
      "integrity": "sha512-TT3uBUxkteAjR1QbsmvSsjpKjOX6UkCstr8nMr+q7zi3NuZ1oIpa8U41Y8I8dJH2fJgdC3Dj3CXO5biLQpfdZA==",
      "cpu": [
        "x64"
      ],
      "dev": true,
      "optional": true,
      "os": [
        "freebsd"
      ],
      "engines": {
        "node": ">=12"
      }
    },
    "node_modules/esbuild-freebsd-arm64": {
      "version": "0.15.18",
      "resolved": "https://mirrors.cloud.tencent.com/npm/esbuild-freebsd-arm64/-/esbuild-freebsd-arm64-0.15.18.tgz",
      "integrity": "sha512-R/oVr+X3Tkh+S0+tL41wRMbdWtpWB8hEAMsOXDumSSa6qJR89U0S/PpLXrGF7Wk/JykfpWNokERUpCeHDl47wA==",
      "cpu": [
        "arm64"
      ],
      "dev": true,
      "optional": true,
      "os": [
        "freebsd"
      ],
      "engines": {
        "node": ">=12"
      }
    },
    "node_modules/esbuild-linux-32": {
      "version": "0.15.18",
      "resolved": "https://mirrors.cloud.tencent.com/npm/esbuild-linux-32/-/esbuild-linux-32-0.15.18.tgz",
      "integrity": "sha512-lphF3HiCSYtaa9p1DtXndiQEeQDKPl9eN/XNoBf2amEghugNuqXNZA/ZovthNE2aa4EN43WroO0B85xVSjYkbg==",
      "cpu": [
        "ia32"
      ],
      "dev": true,
      "optional": true,
      "os": [
        "linux"
      ],
      "engines": {
        "node": ">=12"
      }
    },
    "node_modules/esbuild-linux-64": {
      "version": "0.15.18",
      "resolved": "https://mirrors.cloud.tencent.com/npm/esbuild-linux-64/-/esbuild-linux-64-0.15.18.tgz",
      "integrity": "sha512-hNSeP97IviD7oxLKFuii5sDPJ+QHeiFTFLoLm7NZQligur8poNOWGIgpQ7Qf8Balb69hptMZzyOBIPtY09GZYw==",
      "cpu": [
        "x64"
      ],
      "dev": true,
      "optional": true,
      "os": [
        "linux"
      ],
      "engines": {
        "node": ">=12"
      }
    },
    "node_modules/esbuild-linux-arm": {
      "version": "0.15.18",
      "resolved": "https://mirrors.cloud.tencent.com/npm/esbuild-linux-arm/-/esbuild-linux-arm-0.15.18.tgz",
      "integrity": "sha512-UH779gstRblS4aoS2qpMl3wjg7U0j+ygu3GjIeTonCcN79ZvpPee12Qun3vcdxX+37O5LFxz39XeW2I9bybMVA==",
      "cpu": [
        "arm"
      ],
      "dev": true,
      "optional": true,
      "os": [
        "linux"
      ],
      "engines": {
        "node": ">=12"
      }
    },
    "node_modules/esbuild-linux-arm64": {
      "version": "0.15.18",
      "resolved": "https://mirrors.cloud.tencent.com/npm/esbuild-linux-arm64/-/esbuild-linux-arm64-0.15.18.tgz",
      "integrity": "sha512-54qr8kg/6ilcxd+0V3h9rjT4qmjc0CccMVWrjOEM/pEcUzt8X62HfBSeZfT2ECpM7104mk4yfQXkosY8Quptug==",
      "cpu": [
        "arm64"
      ],
      "dev": true,
      "optional": true,
      "os": [
        "linux"
      ],
      "engines": {
        "node": ">=12"
      }
    },
    "node_modules/esbuild-linux-mips64le": {
      "version": "0.15.18",
      "resolved": "https://mirrors.cloud.tencent.com/npm/esbuild-linux-mips64le/-/esbuild-linux-mips64le-0.15.18.tgz",
      "integrity": "sha512-Mk6Ppwzzz3YbMl/ZZL2P0q1tnYqh/trYZ1VfNP47C31yT0K8t9s7Z077QrDA/guU60tGNp2GOwCQnp+DYv7bxQ==",
      "cpu": [
        "mips64el"
      ],
      "dev": true,
      "optional": true,
      "os": [
        "linux"
      ],
      "engines": {
        "node": ">=12"
      }
    },
    "node_modules/esbuild-linux-ppc64le": {
      "version": "0.15.18",
      "resolved": "https://mirrors.cloud.tencent.com/npm/esbuild-linux-ppc64le/-/esbuild-linux-ppc64le-0.15.18.tgz",
      "integrity": "sha512-b0XkN4pL9WUulPTa/VKHx2wLCgvIAbgwABGnKMY19WhKZPT+8BxhZdqz6EgkqCLld7X5qiCY2F/bfpUUlnFZ9w==",
      "cpu": [
        "ppc64"
      ],
      "dev": true,
      "optional": true,
      "os": [
        "linux"
      ],
      "engines": {
        "node": ">=12"
      }
    },
    "node_modules/esbuild-linux-riscv64": {
      "version": "0.15.18",
      "resolved": "https://mirrors.cloud.tencent.com/npm/esbuild-linux-riscv64/-/esbuild-linux-riscv64-0.15.18.tgz",
      "integrity": "sha512-ba2COaoF5wL6VLZWn04k+ACZjZ6NYniMSQStodFKH/Pu6RxzQqzsmjR1t9QC89VYJxBeyVPTaHuBMCejl3O/xg==",
      "cpu": [
        "riscv64"
      ],
      "dev": true,
      "optional": true,
      "os": [
        "linux"
      ],
      "engines": {
        "node": ">=12"
      }
    },
    "node_modules/esbuild-linux-s390x": {
      "version": "0.15.18",
      "resolved": "https://mirrors.cloud.tencent.com/npm/esbuild-linux-s390x/-/esbuild-linux-s390x-0.15.18.tgz",
      "integrity": "sha512-VbpGuXEl5FCs1wDVp93O8UIzl3ZrglgnSQ+Hu79g7hZu6te6/YHgVJxCM2SqfIila0J3k0csfnf8VD2W7u2kzQ==",
      "cpu": [
        "s390x"
      ],
      "dev": true,
      "optional": true,
      "os": [
        "linux"
      ],
      "engines": {
        "node": ">=12"
      }
    },
    "node_modules/esbuild-netbsd-64": {
      "version": "0.15.18",
      "resolved": "https://mirrors.cloud.tencent.com/npm/esbuild-netbsd-64/-/esbuild-netbsd-64-0.15.18.tgz",
      "integrity": "sha512-98ukeCdvdX7wr1vUYQzKo4kQ0N2p27H7I11maINv73fVEXt2kyh4K4m9f35U1K43Xc2QGXlzAw0K9yoU7JUjOg==",
      "cpu": [
        "x64"
      ],
      "dev": true,
      "optional": true,
      "os": [
        "netbsd"
      ],
      "engines": {
        "node": ">=12"
      }
    },
    "node_modules/esbuild-openbsd-64": {
      "version": "0.15.18",
      "resolved": "https://mirrors.cloud.tencent.com/npm/esbuild-openbsd-64/-/esbuild-openbsd-64-0.15.18.tgz",
      "integrity": "sha512-yK5NCcH31Uae076AyQAXeJzt/vxIo9+omZRKj1pauhk3ITuADzuOx5N2fdHrAKPxN+zH3w96uFKlY7yIn490xQ==",
      "cpu": [
        "x64"
      ],
      "dev": true,
      "optional": true,
      "os": [
        "openbsd"
      ],
      "engines": {
        "node": ">=12"
      }
    },
    "node_modules/esbuild-sunos-64": {
      "version": "0.15.18",
      "resolved": "https://mirrors.cloud.tencent.com/npm/esbuild-sunos-64/-/esbuild-sunos-64-0.15.18.tgz",
      "integrity": "sha512-On22LLFlBeLNj/YF3FT+cXcyKPEI263nflYlAhz5crxtp3yRG1Ugfr7ITyxmCmjm4vbN/dGrb/B7w7U8yJR9yw==",
      "cpu": [
        "x64"
      ],
      "dev": true,
      "optional": true,
      "os": [
        "sunos"
      ],
      "engines": {
        "node": ">=12"
      }
    },
    "node_modules/esbuild-windows-32": {
      "version": "0.15.18",
      "resolved": "https://mirrors.cloud.tencent.com/npm/esbuild-windows-32/-/esbuild-windows-32-0.15.18.tgz",
      "integrity": "sha512-o+eyLu2MjVny/nt+E0uPnBxYuJHBvho8vWsC2lV61A7wwTWC3jkN2w36jtA+yv1UgYkHRihPuQsL23hsCYGcOQ==",
      "cpu": [
        "ia32"
      ],
      "dev": true,
      "optional": true,
      "os": [
        "win32"
      ],
      "engines": {
        "node": ">=12"
      }
    },
    "node_modules/esbuild-windows-64": {
      "version": "0.15.18",
      "resolved": "https://mirrors.cloud.tencent.com/npm/esbuild-windows-64/-/esbuild-windows-64-0.15.18.tgz",
      "integrity": "sha512-qinug1iTTaIIrCorAUjR0fcBk24fjzEedFYhhispP8Oc7SFvs+XeW3YpAKiKp8dRpizl4YYAhxMjlftAMJiaUw==",
      "cpu": [
        "x64"
      ],
      "dev": true,
      "optional": true,
      "os": [
        "win32"
      ],
      "engines": {
        "node": ">=12"
      }
    },
    "node_modules/esbuild-windows-arm64": {
      "version": "0.15.18",
      "resolved": "https://mirrors.cloud.tencent.com/npm/esbuild-windows-arm64/-/esbuild-windows-arm64-0.15.18.tgz",
      "integrity": "sha512-q9bsYzegpZcLziq0zgUi5KqGVtfhjxGbnksaBFYmWLxeV/S1fK4OLdq2DFYnXcLMjlZw2L0jLsk1eGoB522WXQ==",
      "cpu": [
        "arm64"
      ],
      "dev": true,
      "optional": true,
      "os": [
        "win32"
      ],
      "engines": {
        "node": ">=12"
      }
    },
    "node_modules/estree-walker": {
      "version": "2.0.2",
      "resolved": "https://mirrors.cloud.tencent.com/npm/estree-walker/-/estree-walker-2.0.2.tgz",
      "integrity": "sha512-Rfkk/Mp/DL7JVje3u18FxFujQlTNR2q6QfMSMB7AvCBx91NGj/ba3kCfza0f6dVDbw7YlRf/nDrn7pQrCCyQ/w=="
    },
    "node_modules/fsevents": {
      "version": "2.3.3",
      "resolved": "https://mirrors.cloud.tencent.com/npm/fsevents/-/fsevents-2.3.3.tgz",
      "integrity": "sha512-5xoDfX+fL7faATnagmWPpbFtwh/R77WmMMqqHGS65C3vvB0YHrgF+B1YmZ3441tMj5n63k0212XNoJwzlhffQw==",
      "dev": true,
      "hasInstallScript": true,
      "optional": true,
      "os": [
        "darwin"
      ],
      "engines": {
        "node": "^8.16.0 || ^10.6.0 || >=11.0.0"
      }
    },
    "node_modules/has": {
      "version": "1.0.4",
      "resolved": "https://mirrors.cloud.tencent.com/npm/has/-/has-1.0.4.tgz",
      "integrity": "sha512-qdSAmqLF6209RFj4VVItywPMbm3vWylknmB3nvNiUIs72xAimcM8nVYxYr7ncvZq5qzk9MKIZR8ijqD/1QuYjQ==",
      "dev": true,
      "engines": {
        "node": ">= 0.4.0"
      }
    },
    "node_modules/is-core-module": {
      "version": "2.13.0",
      "resolved": "https://mirrors.cloud.tencent.com/npm/is-core-module/-/is-core-module-2.13.0.tgz",
      "integrity": "sha512-Z7dk6Qo8pOCp3l4tsX2C5ZVas4V+UxwQodwZhLopL91TX8UyyHEXafPcyoeeWuLrwzHcr3igO78wNLwHJHsMCQ==",
      "dev": true,
      "dependencies": {
        "has": "^1.0.3"
      },
      "funding": {
        "url": "https://github.com/sponsors/ljharb"
      }
    },
    "node_modules/katex": {
      "version": "0.16.9",
      "resolved": "https://mirrors.cloud.tencent.com/npm/katex/-/katex-0.16.9.tgz",
      "integrity": "sha512-fsSYjWS0EEOwvy81j3vRA8TEAhQhKiqO+FQaKWp0m39qwOzHVBgAUBIXWj1pB+O2W3fIpNa6Y9KSKCVbfPhyAQ==",
      "funding": [
        "https://opencollective.com/katex",
        "https://github.com/sponsors/katex"
      ],
      "dependencies": {
        "commander": "^8.3.0"
      },
      "bin": {
        "katex": "cli.js"
      }
    },
    "node_modules/lru-cache": {
      "version": "6.0.0",
      "resolved": "https://mirrors.cloud.tencent.com/npm/lru-cache/-/lru-cache-6.0.0.tgz",
      "integrity": "sha512-Jo6dJ04CmSjuznwJSS3pUeWmd/H0ffTlkXXgwZi+eq1UCmqQwCh+eLsYOYCwY991i2Fah4h1BEMCx4qThGbsiA==",
      "dev": true,
      "dependencies": {
        "yallist": "^4.0.0"
      },
      "engines": {
        "node": ">=10"
      }
    },
    "node_modules/magic-string": {
      "version": "0.30.5",
      "resolved": "https://mirrors.cloud.tencent.com/npm/magic-string/-/magic-string-0.30.5.tgz",
      "integrity": "sha512-7xlpfBaQaP/T6Vh8MO/EqXSW5En6INHEvEXQiuff7Gku0PWjU3uf6w/j9o7O+SpB5fOAkrI5HeoNgwjEO0pFsA==",
      "dependencies": {
        "@jridgewell/sourcemap-codec": "^1.4.15"
      },
      "engines": {
        "node": ">=12"
      }
    },
    "node_modules/marked": {
      "version": "11.0.0",
      "resolved": "https://mirrors.cloud.tencent.com/npm/marked/-/marked-11.0.0.tgz",
      "integrity": "sha512-2GsW34uXaFEGTQ/+3rCnNC6vUYTAgFuDLGl70v/aWinA5mIJtTrrFAmfbLOfVvgPyxXuDVL9He/7reCK+6j3Sw==",
      "bin": {
        "marked": "bin/marked.js"
      },
      "engines": {
        "node": ">= 18"
      }
    },
    "node_modules/nanoid": {
      "version": "3.3.6",
      "resolved": "https://mirrors.cloud.tencent.com/npm/nanoid/-/nanoid-3.3.6.tgz",
      "integrity": "sha512-BGcqMMJuToF7i1rt+2PWSNVnWIkGCU78jBG3RxO/bZlnZPK2Cmi2QaffxGO/2RvWi9sL+FAiRiXMgsyxQ1DIDA==",
      "funding": [
        {
          "type": "github",
          "url": "https://github.com/sponsors/ai"
        }
      ],
      "bin": {
        "nanoid": "bin/nanoid.cjs"
      },
      "engines": {
        "node": "^10 || ^12 || ^13.7 || ^14 || >=15.0.1"
      }
    },
    "node_modules/path-parse": {
      "version": "1.0.7",
      "resolved": "https://mirrors.cloud.tencent.com/npm/path-parse/-/path-parse-1.0.7.tgz",
      "integrity": "sha512-LDJzPVEEEPR+y48z93A0Ed0yXb8pAByGWo/k5YYdYgpY2/2EsOsksJrq7lOHxryrVOn1ejG6oAp8ahvOIQD8sw==",
      "dev": true
    },
    "node_modules/picocolors": {
      "version": "1.0.0",
      "resolved": "https://mirrors.cloud.tencent.com/npm/picocolors/-/picocolors-1.0.0.tgz",
      "integrity": "sha512-1fygroTLlHu66zi26VoTDv8yRgm0Fccecssto+MhsZ0D/DGW2sm8E8AjW7NU5VVTRt5GxbeZ5qBuJr+HyLYkjQ=="
    },
    "node_modules/postcss": {
      "version": "8.4.31",
      "resolved": "https://mirrors.cloud.tencent.com/npm/postcss/-/postcss-8.4.31.tgz",
      "integrity": "sha512-PS08Iboia9mts/2ygV3eLpY5ghnUcfLV/EXTOW1E2qYxJKGGBUtNjN76FYHnMs36RmARn41bC0AZmn+rR0OVpQ==",
      "funding": [
        {
          "type": "opencollective",
          "url": "https://opencollective.com/postcss/"
        },
        {
          "type": "tidelift",
          "url": "https://tidelift.com/funding/github/npm/postcss"
        },
        {
          "type": "github",
          "url": "https://github.com/sponsors/ai"
        }
      ],
      "dependencies": {
        "nanoid": "^3.3.6",
        "picocolors": "^1.0.0",
        "source-map-js": "^1.0.2"
      },
      "engines": {
        "node": "^10 || ^12 || >=14"
      }
    },
    "node_modules/random-words": {
      "version": "2.0.0",
      "resolved": "https://mirrors.cloud.tencent.com/npm/random-words/-/random-words-2.0.0.tgz",
      "integrity": "sha512-uqpnDqFnYrZajgmvgjmBrSZL2V1UA/9bNPGrilo12CmBeBszoff/avElutUlwWxG12gvmCk/8dUhvHefYxzYjw==",
      "dependencies": {
        "seedrandom": "^3.0.5"
      }
    },
    "node_modules/resolve": {
      "version": "1.22.8",
      "resolved": "https://mirrors.cloud.tencent.com/npm/resolve/-/resolve-1.22.8.tgz",
      "integrity": "sha512-oKWePCxqpd6FlLvGV1VU0x7bkPmmCNolxzjMf4NczoDnQcIWrAF+cPtZn5i6n+RfD2d9i0tzpKnG6Yk168yIyw==",
      "dev": true,
      "dependencies": {
        "is-core-module": "^2.13.0",
        "path-parse": "^1.0.7",
        "supports-preserve-symlinks-flag": "^1.0.0"
      },
      "bin": {
        "resolve": "bin/resolve"
      },
      "funding": {
        "url": "https://github.com/sponsors/ljharb"
      }
    },
    "node_modules/rollup": {
      "version": "2.79.1",
      "resolved": "https://mirrors.cloud.tencent.com/npm/rollup/-/rollup-2.79.1.tgz",
      "integrity": "sha512-uKxbd0IhMZOhjAiD5oAFp7BqvkA4Dv47qpOCtaNvng4HBwdbWtdOh8f5nZNuk2rp51PMGk3bzfWu5oayNEuYnw==",
      "dev": true,
      "bin": {
        "rollup": "dist/bin/rollup"
      },
      "engines": {
        "node": ">=10.0.0"
      },
      "optionalDependencies": {
        "fsevents": "~2.3.2"
      }
    },
    "node_modules/seedrandom": {
      "version": "3.0.5",
      "resolved": "https://mirrors.cloud.tencent.com/npm/seedrandom/-/seedrandom-3.0.5.tgz",
      "integrity": "sha512-8OwmbklUNzwezjGInmZ+2clQmExQPvomqjL7LFqOYqtmuxRgQYqOD3mHaU+MvZn5FLUeVxVfQjwLZW/n/JFuqg=="
    },
    "node_modules/semver": {
      "version": "7.5.4",
      "resolved": "https://mirrors.cloud.tencent.com/npm/semver/-/semver-7.5.4.tgz",
      "integrity": "sha512-1bCSESV6Pv+i21Hvpxp3Dx+pSD8lIPt8uVjRrxAUt/nbswYc+tK6Y2btiULjd4+fnq15PX+nqQDC7Oft7WkwcA==",
      "dev": true,
      "dependencies": {
        "lru-cache": "^6.0.0"
      },
      "bin": {
        "semver": "bin/semver.js"
      },
      "engines": {
        "node": ">=10"
      }
    },
    "node_modules/source-map-js": {
      "version": "1.0.2",
      "resolved": "https://mirrors.cloud.tencent.com/npm/source-map-js/-/source-map-js-1.0.2.tgz",
      "integrity": "sha512-R0XvVJ9WusLiqTCEiGCmICCMplcCkIwwR11mOSD9CR5u+IXYdiseeEuXCVAjS54zqwkLcPNnmU4OeJ6tUrWhDw==",
      "engines": {
        "node": ">=0.10.0"
      }
    },
    "node_modules/supports-preserve-symlinks-flag": {
      "version": "1.0.0",
      "resolved": "https://mirrors.cloud.tencent.com/npm/supports-preserve-symlinks-flag/-/supports-preserve-symlinks-flag-1.0.0.tgz",
      "integrity": "sha512-ot0WnXS9fgdkgIcePe6RHNk1WA8+muPa6cSjeR3V8K27q9BB1rTE3R1p7Hv0z1ZyAc8s6Vvv8DIyWf681MAt0w==",
      "dev": true,
      "engines": {
        "node": ">= 0.4"
      },
      "funding": {
        "url": "https://github.com/sponsors/ljharb"
      }
    },
    "node_modules/sweetalert2": {
      "version": "11.7.32",
      "resolved": "https://mirrors.cloud.tencent.com/npm/sweetalert2/-/sweetalert2-11.7.32.tgz",
      "integrity": "sha512-44tNNe2oLe7T94mT6dus4hc9G7qg6jZU/K5qZzpNS6e5HGPrSF6Kie6oZ7B5puIJydB34V2h/8f5EhIFivYo4A==",
      "funding": {
        "type": "individual",
        "url": "https://github.com/sponsors/limonte"
      }
    },
    "node_modules/to-fast-properties": {
      "version": "2.0.0",
      "resolved": "https://mirrors.cloud.tencent.com/npm/to-fast-properties/-/to-fast-properties-2.0.0.tgz",
      "integrity": "sha1-3F5pjL0HkmW8c+A3doGk5Og/YW4=",
      "dev": true,
      "engines": {
        "node": ">=4"
      }
    },
    "node_modules/typescript": {
      "version": "4.9.5",
      "resolved": "https://mirrors.cloud.tencent.com/npm/typescript/-/typescript-4.9.5.tgz",
      "integrity": "sha512-1FXk9E2Hm+QzZQ7z+McJiHL4NW1F2EzMu9Nq9i3zAaGqibafqYwCVU6WyWAuyQRRzOlxou8xZSyXLEN8oKj24g==",
      "devOptional": true,
      "bin": {
        "tsc": "bin/tsc",
        "tsserver": "bin/tsserver"
      },
      "engines": {
        "node": ">=4.2.0"
      }
    },
    "node_modules/uuid": {
      "version": "9.0.1",
      "resolved": "https://mirrors.cloud.tencent.com/npm/uuid/-/uuid-9.0.1.tgz",
      "integrity": "sha512-b+1eJOlsR9K8HJpow9Ok3fiWOWSIcIzXodvv0rQjVoOVNpWMpxf1wZNpt4y9h10odCNrqnYp1OBzRktckBe3sA==",
      "funding": [
        "https://github.com/sponsors/broofa",
        "https://github.com/sponsors/ctavan"
      ],
      "bin": {
        "uuid": "dist/bin/uuid"
      }
    },
    "node_modules/vite": {
      "version": "3.2.7",
      "resolved": "https://mirrors.cloud.tencent.com/npm/vite/-/vite-3.2.7.tgz",
      "integrity": "sha512-29pdXjk49xAP0QBr0xXqu2s5jiQIXNvE/xwd0vUizYT2Hzqe4BksNNoWllFVXJf4eLZ+UlVQmXfB4lWrc+t18g==",
      "dev": true,
      "dependencies": {
        "esbuild": "^0.15.9",
        "postcss": "^8.4.18",
        "resolve": "^1.22.1",
        "rollup": "^2.79.1"
      },
      "bin": {
        "vite": "bin/vite.js"
      },
      "engines": {
        "node": "^14.18.0 || >=16.0.0"
      },
      "optionalDependencies": {
        "fsevents": "~2.3.2"
      },
      "peerDependencies": {
        "@types/node": ">= 14",
        "less": "*",
        "sass": "*",
        "stylus": "*",
        "sugarss": "*",
        "terser": "^5.4.0"
      },
      "peerDependenciesMeta": {
        "@types/node": {
          "optional": true
        },
        "less": {
          "optional": true
        },
        "sass": {
          "optional": true
        },
        "stylus": {
          "optional": true
        },
        "sugarss": {
          "optional": true
        },
        "terser": {
          "optional": true
        }
      }
    },
    "node_modules/vue": {
      "version": "3.3.4",
      "resolved": "https://mirrors.cloud.tencent.com/npm/vue/-/vue-3.3.4.tgz",
      "integrity": "sha512-VTyEYn3yvIeY1Py0WaYGZsXnz3y5UnGi62GjVEqvEGPl6nxbOrCXbVOTQWBEJUqAyTUk2uJ5JLVnYJ6ZzGbrSw==",
      "dependencies": {
        "@vue/compiler-dom": "3.3.4",
        "@vue/compiler-sfc": "3.3.4",
        "@vue/runtime-dom": "3.3.4",
        "@vue/server-renderer": "3.3.4",
        "@vue/shared": "3.3.4"
      }
    },
    "node_modules/vue-router": {
      "version": "4.2.5",
      "resolved": "https://mirrors.cloud.tencent.com/npm/vue-router/-/vue-router-4.2.5.tgz",
      "integrity": "sha512-DIUpKcyg4+PTQKfFPX88UWhlagBEBEfJ5A8XDXRJLUnZOvcpMF8o/dnL90vpVkGaPbjvXazV/rC1qBKrZlFugw==",
      "dependencies": {
        "@vue/devtools-api": "^6.5.0"
      },
      "funding": {
        "url": "https://github.com/sponsors/posva"
      },
      "peerDependencies": {
        "vue": "^3.2.0"
      }
    },
    "node_modules/vue-tsc": {
      "version": "0.39.5",
      "resolved": "https://mirrors.cloud.tencent.com/npm/vue-tsc/-/vue-tsc-0.39.5.tgz",
      "integrity": "sha512-jhTsrKhZkafpIeN4Cbhr1K53hNfa/oesSrlh7hUaeHyCk55VhZT6oJkwJbtqN4MYkWZIwPrm3/xTwsELuf2ocg==",
      "dev": true,
      "dependencies": {
        "@volar/vue-language-core": "0.39.5",
        "@volar/vue-typescript": "0.39.5"
      },
      "bin": {
        "vue-tsc": "bin/vue-tsc.js"
      },
      "peerDependencies": {
        "typescript": "*"
      }
    },
    "node_modules/vuetify": {
      "version": "3.3.15",
      "resolved": "https://mirrors.cloud.tencent.com/npm/vuetify/-/vuetify-3.3.15.tgz",
      "integrity": "sha512-n7GYBO31k8vA9UfvRwLNyBlkq1WoN3IJ9wNnIBFeV4axleSjFAzzR4WUw7rgj6Ba3q6N2hxXoyxJM21tseQTfQ==",
      "engines": {
        "node": "^12.20 || >=14.13"
      },
      "funding": {
        "type": "github",
        "url": "https://github.com/sponsors/johnleider"
      },
      "peerDependencies": {
        "typescript": ">=4.7",
        "vite-plugin-vuetify": "^1.0.0-alpha.12",
        "vue": "^3.2.0",
        "vue-i18n": "^9.0.0",
        "webpack-plugin-vuetify": "^2.0.0-alpha.11"
      },
      "peerDependenciesMeta": {
        "typescript": {
          "optional": true
        },
        "vite-plugin-vuetify": {
          "optional": true
        },
        "vue-i18n": {
          "optional": true
        },
        "webpack-plugin-vuetify": {
          "optional": true
        }
      }
    },
    "node_modules/yallist": {
      "version": "4.0.0",
      "resolved": "https://mirrors.cloud.tencent.com/npm/yallist/-/yallist-4.0.0.tgz",
      "integrity": "sha512-3wdGidZyq5PB084XLES5TpOSRA3wjXAlIWMhum2kRcv/41Sn2emQ0dycQW4uZXLejwKvg6EsvbdlVL+FYEct7A==",
      "dev": true
    }
  }
}
